
Microsoft Visual Studio Solution File, Format Version 12.00
# Visual Studio 2012
Project("{E729F059-12D4-455F-A2A4-FDA8DD25E08A}") = "CheckmarxInstaller", "CheckmarxInstaller\CheckmarxInstaller.isproj", "{A78AD6C3-AAB4-4D79-BA73-5B1CEE242E8F}"
EndProject
Global
	GlobalSection(SolutionConfigurationPlatforms) = preSolution
		Debug|Default = Debug|Default
		Release|Default = Release|Default
	EndGlobalSection
	GlobalSection(ProjectConfigurationPlatforms) = postSolution
		{A78AD6C3-AAB4-4D79-BA73-5B1CEE242E8F}.Debug|Default.ActiveCfg = Debug
		{A78AD6C3-AAB4-4D79-BA73-5B1CEE242E8F}.Debug|Default.Build.0 = Debug
		{A78AD6C3-AAB4-4D79-BA73-5B1CEE242E8F}.Release|Default.ActiveCfg = Release
		{A78AD6C3-AAB4-4D79-BA73-5B1CEE242E8F}.Release|Default.Build.0 = Release
	EndGlobalSection
	GlobalSection(SolutionProperties) = preSolution
		HideSolutionNode = FALSE
	EndGlobalSection
EndGlobal
